// !$*UTF8*$!
{
	archiveVersion = 1;
	classes = {
	};
	objectVersion = 55;
	objects = {

/* Begin PBXBuildFile section */
		EA034AF628242618004DA299 /* AppDelegate.swift in Sources */ = {isa = PBXBuildFile; fileRef = EA034AF528242618004DA299 /* AppDelegate.swift */; };
		EA034AF828242618004DA299 /* SceneDelegate.swift in Sources */ = {isa = PBXBuildFile; fileRef = EA034AF728242618004DA299 /* SceneDelegate.swift */; };
		EA034AFA28242618004DA299 /* ViewController.swift in Sources */ = {isa = PBXBuildFile; fileRef = EA034AF928242618004DA299 /* ViewController.swift */; };
		EA034AFD28242618004DA299 /* Main.storyboard in Resources */ = {isa = PBXBuildFile; fileRef = EA034AFB28242618004DA299 /* Main.storyboard */; };
		EA034AFF28242619004DA299 /* Assets.xcassets in Resources */ = {isa = PBXBuildFile; fileRef = EA034AFE28242619004DA299 /* Assets.xcassets */; };
		EA034B0228242619004DA299 /* LaunchScreen.storyboard in Resources */ = {isa = PBXBuildFile; fileRef = EA034B0028242619004DA299 /* LaunchScreen.storyboard */; };
		EA034B0D28242619004DA299 /* CornerRadiusOptisTests.swift in Sources */ = {isa = PBXBuildFile; fileRef = EA034B0C28242619004DA299 /* CornerRadiusOptisTests.swift */; };
		EA034B1728242619004DA299 /* CornerRadiusOptisUITests.swift in Sources */ = {isa = PBXBuildFile; fileRef = EA034B1628242619004DA299 /* CornerRadiusOptisUITests.swift */; };
		EA034B1928242619004DA299 /* CornerRadiusOptisUITestsLaunchTests.swift in Sources */ = {isa = PBXBuildFile; fileRef = EA034B1828242619004DA299 /* CornerRadiusOptisUITestsLaunchTests.swift */; };
/* End PBXBuildFile section */

/* Begin PBXContainerItemProxy section */
		EA034B0928242619004DA299 /* PBXContainerItemProxy */ = {
			isa = PBXContainerItemProxy;
			containerPortal = EA034AEA28242617004DA299 /* Project object */;
			proxyType = 1;
			remoteGlobalIDString = EA034AF128242618004DA299;
			remoteInfo = CornerRadiusOptis;
		};
		EA034B1328242619004DA299 /* PBXContainerItemProxy */ = {
			isa = PBXContainerItemProxy;
			containerPortal = EA034AEA28242617004DA299 /* Project object */;
			proxyType = 1;
			remoteGlobalIDString = EA034AF128242618004DA299;
			remoteInfo = CornerRadiusOptis;
		};
/* End PBXContainerItemProxy section */

/* Begin PBXFileReference section */
		EA034AF228242618004DA299 /* CornerRadiusOptis.app */ = {isa = PBXFileReference; explicitFileType = wrapper.application; includeInIndex = 0; path = CornerRadiusOptis.app; sourceTree = BUILT_PRODUCTS_DIR; };
		EA034AF528242618004DA299 /* AppDelegate.swift */ = {isa = PBXFileReference; lastKnownFileType = sourcecode.swift; path = AppDelegate.swift; sourceTree = "<group>"; };
		EA034AF728242618004DA299 /* SceneDelegate.swift */ = {isa = PBXFileReference; lastKnownFileType = sourcecode.swift; path = SceneDelegate.swift; sourceTree = "<group>"; };
		EA034AF928242618004DA299 /* ViewController.swift */ = {isa = PBXFileReference; lastKnownFileType = sourcecode.swift; path = ViewController.swift; sourceTree = "<group>"; };
		EA034AFC28242618004DA299 /* Base */ = {isa = PBXFileReference; lastKnownFileType = file.storyboard; name = Base; path = Base.lproj/Main.storyboard; sourceTree = "<group>"; };
		EA034AFE28242619004DA299 /* Assets.xcassets */ = {isa = PBXFileReference; lastKnownFileType = folder.assetcatalog; path = Assets.xcassets; sourceTree = "<group>"; };
		EA034B0128242619004DA299 /* Base */ = {isa = PBXFileReference; lastKnownFileType = file.storyboard; name = Base; path = Base.lproj/LaunchScreen.storyboard; sourceTree = "<group>"; };
		EA034B0328242619004DA299 /* Info.plist */ = {isa = PBXFileReference; lastKnownFileType = text.plist.xml; path = Info.plist; sourceTree = "<group>"; };
		EA034B0828242619004DA299 /* CornerRadiusOptisTests.xctest */ = {isa = PBXFileReference; explicitFileType = wrapper.cfbundle; includeInIndex = 0; path = CornerRadiusOptisTests.xctest; sourceTree = BUILT_PRODUCTS_DIR; };
		EA034B0C28242619004DA299 /* CornerRadiusOptisTests.swift */ = {isa = PBXFileReference; lastKnownFileType = sourcecode.swift; path = CornerRadiusOptisTests.swift; sourceTree = "<group>"; };
		EA034B1228242619004DA299 /* CornerRadiusOptisUITests.xctest */ = {isa = PBXFileReference; explicitFileType = wrapper.cfbundle; includeInIndex = 0; path = CornerRadiusOptisUITests.xctest; sourceTree = BUILT_PRODUCTS_DIR; };
		EA034B1628242619004DA299 /* CornerRadiusOptisUITests.swift */ = {isa = PBXFileReference; lastKnownFileType = sourcecode.swift; path = CornerRadiusOptisUITests.swift; sourceTree = "<group>"; };
		EA034B1828242619004DA299 /* CornerRadiusOptisUITestsLaunchTests.swift */ = {isa = PBXFileReference; lastKnownFileType = sourcecode.swift; path = CornerRadiusOptisUITestsLaunchTests.swift; sourceTree = "<group>"; };
/* End PBXFileReference section */

/* Begin PBXFrameworksBuildPhase section */
		EA034AEF28242618004DA299 /* Frameworks */ = {
			isa = PBXFrameworksBuildPhase;
			buildActionMask = 2147483647;
			files = (
			);
			runOnlyForDeploymentPostprocessing = 0;
		};
		EA034B0528242619004DA299 /* Frameworks */ = {
			isa = PBXFrameworksBuildPhase;
			buildActionMask = 2147483647;
			files = (
			);
			runOnlyForDeploymentPostprocessing = 0;
		};
		EA034B0F28242619004DA299 /* Frameworks */ = {
			isa = PBXFrameworksBuildPhase;
			buildActionMask = 2147483647;
			files = (
			);
			runOnlyForDeploymentPostprocessing = 0;
		};
/* End PBXFrameworksBuildPhase section */

/* Begin PBXGroup section */
		EA034AE928242617004DA299 = {
			isa = PBXGroup;
			children = (
				EA034AF428242618004DA299 /* CornerRadiusOptis */,
				EA034B0B28242619004DA299 /* CornerRadiusOptisTests */,
				EA034B1528242619004DA299 /* CornerRadiusOptisUITests */,
				EA034AF328242618004DA299 /* Products */,
			);
			sourceTree = "<group>";
		};
		EA034AF328242618004DA299 /* Products */ = {
			isa = PBXGroup;
			children = (
				EA034AF228242618004DA299 /* CornerRadiusOptis.app */,
				EA034B0828242619004DA299 /* CornerRadiusOptisTests.xctest */,
				EA034B1228242619004DA299 /* CornerRadiusOptisUITests.xctest */,
			);
			name = Products;
			sourceTree = "<group>";
		};
		EA034AF428242618004DA299 /* CornerRadiusOptis */ = {
			isa = PBXGroup;
			children = (
				EA034AF528242618004DA299 /* AppDelegate.swift */,
				EA034AF728242618004DA299 /* SceneDelegate.swift */,
				EA034AF928242618004DA299 /* ViewController.swift */,
				EA034AFB28242618004DA299 /* Main.storyboard */,
				EA034AFE28242619004DA299 /* Assets.xcassets */,
				EA034B0028242619004DA299 /* LaunchScreen.storyboard */,
				EA034B0328242619004DA299 /* Info.plist */,
			);
			path = CornerRadiusOptis;
			sourceTree = "<group>";
		};
		EA034B0B28242619004DA299 /* CornerRadiusOptisTests */ = {
			isa = PBXGroup;
			children = (
				EA034B0C28242619004DA299 /* CornerRadiusOptisTests.swift */,
			);
			path = CornerRadiusOptisTests;
			sourceTree = "<group>";
		};
		EA034B1528242619004DA299 /* CornerRadiusOptisUITests */ = {
			isa = PBXGroup;
			children = (
				EA034B1628242619004DA299 /* CornerRadiusOptisUITests.swift */,
				EA034B1828242619004DA299 /* CornerRadiusOptisUITestsLaunchTests.swift */,
			);
			path = CornerRadiusOptisUITests;
			sourceTree = "<group>";
		};
/* End PBXGroup section */

/* Begin PBXNativeTarget section */
		EA034AF128242618004DA299 /* CornerRadiusOptis */ = {
			isa = PBXNativeTarget;
			buildConfigurationList = EA034B1C28242619004DA299 /* Build configuration list for PBXNativeTarget "CornerRadiusOptis" */;
			buildPhases = (
				EA034AEE28242618004DA299 /* Sources */,
				EA034AEF28242618004DA299 /* Frameworks */,
				EA034AF028242618004DA299 /* Resources */,
			);
			buildRules = (
			);
			dependencies = (
			);
			name = CornerRadiusOptis;
			productName = CornerRadiusOptis;
			productReference = EA034AF228242618004DA299 /* CornerRadiusOptis.app */;
			productType = "com.apple.product-type.application";
		};
		EA034B0728242619004DA299 /* CornerRadiusOptisTests */ = {
			isa = PBXNativeTarget;
			buildConfigurationList = EA034B1F28242619004DA299 /* Build configuration list for PBXNativeTarget "CornerRadiusOptisTests" */;
			buildPhases = (
				EA034B0428242619004DA299 /* Sources */,
				EA034B0528242619004DA299 /* Frameworks */,
				EA034B0628242619004DA299 /* Resources */,
			);
			buildRules = (
			);
			dependencies = (
				EA034B0A28242619004DA299 /* PBXTargetDependency */,
			);
			name = CornerRadiusOptisTests;
			productName = CornerRadiusOptisTests;
			productReference = EA034B0828242619004DA299 /* CornerRadiusOptisTests.xctest */;
			productType = "com.apple.product-type.bundle.unit-test";
		};
		EA034B1128242619004DA299 /* CornerRadiusOptisUITests */ = {
			isa = PBXNativeTarget;
			buildConfigurationList = EA034B2228242619004DA299 /* Build configuration list for PBXNativeTarget "CornerRadiusOptisUITests" */;
			buildPhases = (
				EA034B0E28242619004DA299 /* Sources */,
				EA034B0F28242619004DA299 /* Frameworks */,
				EA034B1028242619004DA299 /* Resources */,
			);
			buildRules = (
			);
			dependencies = (
				EA034B1428242619004DA299 /* PBXTargetDependency */,
			);
			name = CornerRadiusOptisUITests;
			productName = CornerRadiusOptisUITests;
			productReference = EA034B1228242619004DA299 /* CornerRadiusOptisUITests.xctest */;
			productType = "com.apple.product-type.bundle.ui-testing";
		};
/* End PBXNativeTarget section */

/* Begin PBXProject section */
		EA034AEA28242617004DA299 /* Project object */ = {
			isa = PBXProject;
			attributes = {
				BuildIndependentTargetsInParallel = 1;
				LastSwiftUpdateCheck = 1320;
				LastUpgradeCheck = 1320;
				TargetAttributes = {
					EA034AF128242618004DA299 = {
						CreatedOnToolsVersion = 13.2.1;
					};
					EA034B0728242619004DA299 = {
						CreatedOnToolsVersion = 13.2.1;
						TestTargetID = EA034AF128242618004DA299;
					};
					EA034B1128242619004DA299 = {
						CreatedOnToolsVersion = 13.2.1;
						TestTargetID = EA034AF128242618004DA299;
					};
				};
			};
			buildConfigurationList = EA034AED28242617004DA299 /* Build configuration list for PBXProject "CornerRadiusOptis" */;
			compatibilityVersion = "Xcode 13.0";
			developmentRegion = en;
			hasScannedForEncodings = 0;
			knownRegions = (
				en,
				Base,
			);
			mainGroup = EA034AE928242617004DA299;
			productRefGroup = EA034AF328242618004DA299 /* Products */;
			projectDirPath = "";
			projectRoot = "";
			targets = (
				EA034AF128242618004DA299 /* CornerRadiusOptis */,
				EA034B0728242619004DA299 /* CornerRadiusOptisTests */,
				EA034B1128242619004DA299 /* CornerRadiusOptisUITests */,
			);
		};
/* End PBXProject section */

/* Begin PBXResourcesBuildPhase section */
		EA034AF028242618004DA299 /* Resources */ = {
			isa = PBXResourcesBuildPhase;
			buildActionMask = 2147483647;
			files = (
				EA034B0228242619004DA299 /* LaunchScreen.storyboard in Resources */,
				EA034AFF28242619004DA299 /* Assets.xcassets in Resources */,
				EA034AFD28242618004DA299 /* Main.storyboard in Resources */,
			);
			runOnlyForDeploymentPostprocessing = 0;
		};
		EA034B0628242619004DA299 /* Resources */ = {
			isa = PBXResourcesBuildPhase;
			buildActionMask = 2147483647;
			files = (
			);
			runOnlyForDeploymentPostprocessing = 0;
		};
		EA034B1028242619004DA299 /* Resources */ = {
			isa = PBXResourcesBuildPhase;
			buildActionMask = 2147483647;
			files = (
			);
			runOnlyForDeploymentPostprocessing = 0;
		};
/* End PBXResourcesBuildPhase section */

/* Begin PBXSourcesBuildPhase section */
		EA034AEE28242618004DA299 /* Sources */ = {
			isa = PBXSourcesBuildPhase;
			buildActionMask = 2147483647;
			files = (
				EA034AFA28242618004DA299 /* ViewController.swift in Sources */,
				EA034AF628242618004DA299 /* AppDelegate.swift in Sources */,
				EA034AF828242618004DA299 /* SceneDelegate.swift in Sources */,
			);
			runOnlyForDeploymentPostprocessing = 0;
		};
		EA034B0428242619004DA299 /* Sources */ = {
			isa = PBXSourcesBuildPhase;
			buildActionMask = 2147483647;
			files = (
				EA034B0D28242619004DA299 /* CornerRadiusOptisTests.swift in Sources */,
			);
			runOnlyForDeploymentPostprocessing = 0;
		};
		EA034B0E28242619004DA299 /* Sources */ = {
			isa = PBXSourcesBuildPhase;
			buildActionMask = 2147483647;
			files = (
				EA034B1728242619004DA299 /* CornerRadiusOptisUITests.swift in Sources */,
				EA034B1928242619004DA299 /* CornerRadiusOptisUITestsLaunchTests.swift in Sources */,
			);
			runOnlyForDeploymentPostprocessing = 0;
		};
/* End PBXSourcesBuildPhase section */

/* Begin PBXTargetDependency section */
		EA034B0A28242619004DA299 /* PBXTargetDependency */ = {
			isa = PBXTargetDependency;
			target = EA034AF128242618004DA299 /* CornerRadiusOptis */;
			targetProxy = EA034B0928242619004DA299 /* PBXContainerItemProxy */;
		};
		EA034B1428242619004DA299 /* PBXTargetDependency */ = {
			isa = PBXTargetDependency;
			target = EA034AF128242618004DA299 /* CornerRadiusOptis */;
			targetProxy = EA034B1328242619004DA299 /* PBXContainerItemProxy */;
		};
/* End PBXTargetDependency section */

/* Begin PBXVariantGroup section */
		EA034AFB28242618004DA299 /* Main.storyboard */ = {
			isa = PBXVariantGroup;
			children = (
				EA034AFC28242618004DA299 /* Base */,
			);
			name = Main.storyboard;
			sourceTree = "<group>";
		};
		EA034B0028242619004DA299 /* LaunchScreen.storyboard */ = {
			isa = PBXVariantGroup;
			children = (
				EA034B0128242619004DA299 /* Base */,
			);
			name = LaunchScreen.storyboard;
			sourceTree = "<group>";
		};
/* End PBXVariantGroup section */

/* Begin XCBuildConfiguration section */
		EA034B1A28242619004DA299 /* Debug */ = {
			isa = XCBuildConfiguration;
			buildSettings = {
				ALWAYS_SEARCH_USER_PATHS = NO;
				CLANG_ANALYZER_NONNULL = YES;
				CLANG_ANALYZER_NUMBER_OBJECT_CONVERSION = YES_AGGRESSIVE;
				CLANG_CXX_LANGUAGE_STANDARD = "gnu++17";
				CLANG_CXX_LIBRARY = "libc++";
				CLANG_ENABLE_MODULES = YES;
				CLANG_ENABLE_OBJC_ARC = YES;
				CLANG_ENABLE_OBJC_WEAK = YES;
				CLANG_WARN_BLOCK_CAPTURE_AUTORELEASING = YES;
				CLANG_WARN_BOOL_CONVERSION = YES;
				CLANG_WARN_COMMA = YES;
				CLANG_WARN_CONSTANT_CONVERSION = YES;
				CLANG_WARN_DEPRECATED_OBJC_IMPLEMENTATIONS = YES;
				CLANG_WARN_DIRECT_OBJC_ISA_USAGE = YES_ERROR;
				CLANG_WARN_DOCUMENTATION_COMMENTS = YES;
				CLANG_WARN_EMPTY_BODY = YES;
				CLANG_WARN_ENUM_CONVERSION = YES;
				CLANG_WARN_INFINITE_RECURSION = YES;
				CLANG_WARN_INT_CONVERSION = YES;
				CLANG_WARN_NON_LITERAL_NULL_CONVERSION = YES;
				CLANG_WARN_OBJC_IMPLICIT_RETAIN_SELF = YES;
				CLANG_WARN_OBJC_LITERAL_CONVERSION = YES;
				CLANG_WARN_OBJC_ROOT_CLASS = YES_ERROR;
				CLANG_WARN_QUOTED_INCLUDE_IN_FRAMEWORK_HEADER = YES;
				CLANG_WARN_RANGE_LOOP_ANALYSIS = YES;
				CLANG_WARN_STRICT_PROTOTYPES = YES;
				CLANG_WARN_SUSPICIOUS_MOVE = YES;
				CLANG_WARN_UNGUARDED_AVAILABILITY = YES_AGGRESSIVE;
				CLANG_WARN_UNREACHABLE_CODE = YES;
				CLANG_WARN__DUPLICATE_METHOD_MATCH = YES;
				COPY_PHASE_STRIP = NO;
				DEBUG_INFORMATION_FORMAT = dwarf;
				ENABLE_STRICT_OBJC_MSGSEND = YES;
				ENABLE_TESTABILITY = YES;
				GCC_C_LANGUAGE_STANDARD = gnu11;
				GCC_DYNAMIC_NO_PIC = NO;
				GCC_NO_COMMON_BLOCKS = YES;
				GCC_OPTIMIZATION_LEVEL = 0;
				GCC_PREPROCESSOR_DEFINITIONS = (
					"DEBUG=1",
					"$(inherited)",
				);
				GCC_WARN_64_TO_32_BIT_CONVERSION = YES;
				GCC_WARN_ABOUT_RETURN_TYPE = YES_ERROR;
				GCC_WARN_UNDECLARED_SELECTOR = YES;
				GCC_WARN_UNINITIALIZED_AUTOS = YES_AGGRESSIVE;
				GCC_WARN_UNUSED_FUNCTION = YES;
				GCC_WARN_UNUSED_VARIABLE = YES;
				IPHONEOS_DEPLOYMENT_TARGET = 15.2;
				MTL_ENABLE_DEBUG_INFO = INCLUDE_SOURCE;
				MTL_FAST_MATH = YES;
				ONLY_ACTIVE_ARCH = YES;
				SDKROOT = iphoneos;
				SWIFT_ACTIVE_COMPILATION_CONDITIONS = DEBUG;
				SWIFT_OPTIMIZATION_LEVEL = "-Onone";
			};
			name = Debug;
		};
		EA034B1B28242619004DA299 /* Release */ = {
			isa = XCBuildConfiguration;
			buildSettings = {
				ALWAYS_SEARCH_USER_PATHS = NO;
				CLANG_ANALYZER_NONNULL = YES;
				CLANG_ANALYZER_NUMBER_OBJECT_CONVERSION = YES_AGGRESSIVE;
				CLANG_CXX_LANGUAGE_STANDARD = "gnu++17";
				CLANG_CXX_LIBRARY = "libc++";
				CLANG_ENABLE_MODULES = YES;
				CLANG_ENABLE_OBJC_ARC = YES;
				CLANG_ENABLE_OBJC_WEAK = YES;
				CLANG_WARN_BLOCK_CAPTURE_AUTORELEASING = YES;
				CLANG_WARN_BOOL_CONVERSION = YES;
				CLANG_WARN_COMMA = YES;
				CLANG_WARN_CONSTANT_CONVERSION = YES;
				CLANG_WARN_DEPRECATED_OBJC_IMPLEMENTATIONS = YES;
				CLANG_WARN_DIRECT_OBJC_ISA_USAGE = YES_ERROR;
				CLANG_WARN_DOCUMENTATION_COMMENTS = YES;
				CLANG_WARN_EMPTY_BODY = YES;
				CLANG_WARN_ENUM_CONVERSION = YES;
				CLANG_WARN_INFINITE_RECURSION = YES;
				CLANG_WARN_INT_CONVERSION = YES;
				CLANG_WARN_NON_LITERAL_NULL_CONVERSION = YES;
				CLANG_WARN_OBJC_IMPLICIT_RETAIN_SELF = YES;
				CLANG_WARN_OBJC_LITERAL_CONVERSION = YES;
				CLANG_WARN_OBJC_ROOT_CLASS = YES_ERROR;
				CLANG_WARN_QUOTED_INCLUDE_IN_FRAMEWORK_HEADER = YES;
				CLANG_WARN_RANGE_LOOP_ANALYSIS = YES;
				CLANG_WARN_STRICT_PROTOTYPES = YES;
				CLANG_WARN_SUSPICIOUS_MOVE = YES;
				CLANG_WARN_UNGUARDED_AVAILABILITY = YES_AGGRESSIVE;
				CLANG_WARN_UNREACHABLE_CODE = YES;
				CLANG_WARN__DUPLICATE_METHOD_MATCH = YES;
				COPY_PHASE_STRIP = NO;
				DEBUG_INFORMATION_FORMAT = "dwarf-with-dsym";
				ENABLE_NS_ASSERTIONS = NO;
				ENABLE_STRICT_OBJC_MSGSEND = YES;
				GCC_C_LANGUAGE_STANDARD = gnu11;
				GCC_NO_COMMON_BLOCKS = YES;
				GCC_WARN_64_TO_32_BIT_CONVERSION = YES;
				GCC_WARN_ABOUT_RETURN_TYPE = YES_ERROR;
				GCC_WARN_UNDECLARED_SELECTOR = YES;
				GCC_WARN_UNINITIALIZED_AUTOS = YES_AGGRESSIVE;
				GCC_WARN_UNUSED_FUNCTION = YES;
				GCC_WARN_UNUSED_VARIABLE = YES;
				IPHONEOS_DEPLOYMENT_TARGET = 15.2;
				MTL_ENABLE_DEBUG_INFO = NO;
				MTL_FAST_MATH = YES;
				SDKROOT = iphoneos;
				SWIFT_COMPILATION_MODE = wholemodule;
				SWIFT_OPTIMIZATION_LEVEL = "-O";
				VALIDATE_PRODUCT = YES;
			};
			name = Release;
		};
		EA034B1D28242619004DA299 /* Debug */ = {
			isa = XCBuildConfiguration;
			buildSettings = {
				ASSETCATALOG_COMPILER_APPICON_NAME = AppIcon;
				ASSETCATALOG_COMPILER_GLOBAL_ACCENT_COLOR_NAME = AccentColor;
				CODE_SIGN_STYLE = Automatic;
				CURRENT_PROJECT_VERSION = 1;
				GENERATE_INFOPLIST_FILE = YES;
				INFOPLIST_FILE = CornerRadiusOptis/Info.plist;
				INFOPLIST_KEY_UIApplicationSupportsIndirectInputEvents = YES;
				INFOPLIST_KEY_UILaunchStoryboardName = LaunchScreen;
				INFOPLIST_KEY_UIMainStoryboardFile = Main;
				INFOPLIST_KEY_UISupportedInterfaceOrientations_iPad = "UIInterfaceOrientationPortrait UIInterfaceOrientationPortraitUpsideDown UIInterfaceOrientationLandscapeLeft UIInterfaceOrientationLandscapeRight";
				INFOPLIST_KEY_UISupportedInterfaceOrientations_iPhone = "UIInterfaceOrientationPortrait UIInterfaceOrientationLandscapeLeft UIInterfaceOrientationLandscapeRight";
				LD_RUNPATH_SEARCH_PATHS = (
					"$(inherited)",
					"@executable_path/Frameworks",
				);
				MARKETING_VERSION = 1.0;
				PRODUCT_BUNDLE_IDENTIFIER = qwewqe.CornerRadiusOptis;
				PRODUCT_NAME = "$(TARGET_NAME)";
				SWIFT_EMIT_LOC_STRINGS = YES;
				SWIFT_VERSION = 5.0;
				TARGETED_DEVICE_FAMILY = "1,2";
			};
			name = Debug;
		};
		EA034B1E28242619004DA299 /* Release */ = {
			isa = XCBuildConfiguration;
			buildSettings = {
				ASSETCATALOG_COMPILER_APPICON_NAME = AppIcon;
				ASSETCATALOG_COMPILER_GLOBAL_ACCENT_COLOR_NAME = AccentColor;
				CODE_SIGN_STYLE = Automatic;
				CURRENT_PROJECT_VERSION = 1;
				GENERATE_INFOPLIST_FILE = YES;
				INFOPLIST_FILE = CornerRadiusOptis/Info.plist;
				INFOPLIST_KEY_UIApplicationSupportsIndirectInputEvents = YES;
				INFOPLIST_KEY_UILaunchStoryboardName = LaunchScreen;
				INFOPLIST_KEY_UIMainStoryboardFile = Main;
				INFOPLIST_KEY_UISupportedInterfaceOrientations_iPad = "UIInterfaceOrientationPortrait UIInterfaceOrientationPortraitUpsideDown UIInterfaceOrientationLandscapeLeft UIInterfaceOrientationLandscapeRight";
				INFOPLIST_KEY_UISupportedInterfaceOrientations_iPhone = "UIInterfaceOrientationPortrait UIInterfaceOrientationLandscapeLeft UIInterfaceOrientationLandscapeRight";
				LD_RUNPATH_SEARCH_PATHS = (
					"$(inherited)",
					"@executable_path/Frameworks",
				);
				MARKETING_VERSION = 1.0;
				PRODUCT_BUNDLE_IDENTIFIER = qwewqe.CornerRadiusOptis;
				PRODUCT_NAME = "$(TARGET_NAME)";
				SWIFT_EMIT_LOC_STRINGS = YES;
				SWIFT_VERSION = 5.0;
				TARGETED_DEVICE_FAMILY = "1,2";
			};
			name = Release;
		};
		EA034B2028242619004DA299 /* Debug */ = {
			isa = XCBuildConfiguration;
			buildSettings = {
				ALWAYS_EMBED_SWIFT_STANDARD_LIBRARIES = YES;
				BUNDLE_LOADER = "$(TEST_HOST)";
				CODE_SIGN_STYLE = Automatic;
				CURRENT_PROJECT_VERSION = 1;
				GENERATE_INFOPLIST_FILE = YES;
				IPHONEOS_DEPLOYMENT_TARGET = 15.2;
				MARKETING_VERSION = 1.0;
				PRODUCT_BUNDLE_IDENTIFIER = qwewqe.CornerRadiusOptisTests;
				PRODUCT_NAME = "$(TARGET_NAME)";
				SWIFT_EMIT_LOC_STRINGS = NO;
				SWIFT_VERSION = 5.0;
				TARGETED_DEVICE_FAMILY = "1,2";
				TEST_HOST = "$(BUILT_PRODUCTS_DIR)/CornerRadiusOptis.app/CornerRadiusOptis";
			};
			name = Debug;
		};
		EA034B2128242619004DA299 /* Release */ = {
			isa = XCBuildConfiguration;
			buildSettings = {
				ALWAYS_EMBED_SWIFT_STANDARD_LIBRARIES = YES;
				BUNDLE_LOADER = "$(TEST_HOST)";
				CODE_SIGN_STYLE = Automatic;
				CURRENT_PROJECT_VERSION = 1;
				GENERATE_INFOPLIST_FILE = YES;
				IPHONEOS_DEPLOYMENT_TARGET = 15.2;
				MARKETING_VERSION = 1.0;
				PRODUCT_BUNDLE_IDENTIFIER = qwewqe.CornerRadiusOptisTests;
				PRODUCT_NAME = "$(TARGET_NAME)";
				SWIFT_EMIT_LOC_STRINGS = NO;
				SWIFT_VERSION = 5.0;
				TARGETED_DEVICE_FAMILY = "1,2";
				TEST_HOST = "$(BUILT_PRODUCTS_DIR)/CornerRadiusOptis.app/CornerRadiusOptis";
			};
			name = Release;
		};
		EA034B2328242619004DA299 /* Debug */ = {
			isa = XCBuildConfiguration;
			buildSettings = {
				ALWAYS_EMBED_SWIFT_STANDARD_LIBRARIES = YES;
				CODE_SIGN_STYLE = Automatic;
				CURRENT_PROJECT_VERSION = 1;
				GENERATE_INFOPLIST_FILE = YES;
				MARKETING_VERSION = 1.0;
				PRODUCT_BUNDLE_IDENTIFIER = qwewqe.CornerRadiusOptisUITests;
				PRODUCT_NAME = "$(TARGET_NAME)";
				SWIFT_EMIT_LOC_STRINGS = NO;
				SWIFT_VERSION = 5.0;
				TARGETED_DEVICE_FAMILY = "1,2";
				TEST_TARGET_NAME = CornerRadiusOptis;
			};
			name = Debug;
		};
		EA034B2428242619004DA299 /* Release */ = {
			isa = XCBuildConfiguration;
			buildSettings = {
				ALWAYS_EMBED_SWIFT_STANDARD_LIBRARIES = YES;
				CODE_SIGN_STYLE = Automatic;
				CURRENT_PROJECT_VERSION = 1;
				GENERATE_INFOPLIST_FILE = YES;
				MARKETING_VERSION = 1.0;
				PRODUCT_BUNDLE_IDENTIFIER = qwewqe.CornerRadiusOptisUITests;
				PRODUCT_NAME = "$(TARGET_NAME)";
				SWIFT_EMIT_LOC_STRINGS = NO;
				SWIFT_VERSION = 5.0;
				TARGETED_DEVICE_FAMILY = "1,2";
				TEST_TARGET_NAME = CornerRadiusOptis;
			};
			name = Release;
		};
/* End XCBuildConfiguration section */

/* Begin XCConfigurationList section */
		EA034AED28242617004DA299 /* Build configuration list for PBXProject "CornerRadiusOptis" */ = {
			isa = XCConfigurationList;
			buildConfigurations = (
				EA034B1A28242619004DA299 /* Debug */,
				EA034B1B28242619004DA299 /* Release */,
			);
			defaultConfigurationIsVisible = 0;
			defaultConfigurationName = Release;
		};
		EA034B1C28242619004DA299 /* Build configuration list for PBXNativeTarget "CornerRadiusOptis" */ = {
			isa = XCConfigurationList;
			buildConfigurations = (
				EA034B1D28242619004DA299 /* Debug */,
				EA034B1E28242619004DA299 /* Release */,
			);
			defaultConfigurationIsVisible = 0;
			defaultConfigurationName = Release;
		};
		EA034B1F28242619004DA299 /* Build configuration list for PBXNativeTarget "CornerRadiusOptisTests" */ = {
			isa = XCConfigurationList;
			buildConfigurations = (
				EA034B2028242619004DA299 /* Debug */,
				EA034B2128242619004DA299 /* Release */,
			);
			defaultConfigurationIsVisible = 0;
			defaultConfigurationName = Release;
		};
		EA034B2228242619004DA299 /* Build configuration list for PBXNativeTarget "CornerRadiusOptisUITests" */ = {
			isa = XCConfigurationList;
			buildConfigurations = (
				EA034B2328242619004DA299 /* Debug */,
				EA034B2428242619004DA299 /* Release */,
			);
			defaultConfigurationIsVisible = 0;
			defaultConfigurationName = Release;
		};
/* End XCConfigurationList section */
	};
	rootObject = EA034AEA28242617004DA299 /* Project object */;
}
